
Microsoft Visual Studio Solution File, Format Version 12.00
# Visual Studio 15
VisualStudioVersion = 15.0.27130.2027
MinimumVisualStudioVersion = 10.0.40219.1
Project("{2150E333-8FDC-42A3-9474-1A3956D46DE8}") = "Solution Items", "Solution Items", "{2CE2A385-7949-448C-B8ED-3DA9C3BC8F48}"
	ProjectSection(SolutionItems) = preProject
		..\README.md = ..\README.md
	EndProjectSection
EndProject
Project("{8BC9CEB8-8B4A-11D0-8D11-00A0C91BC942}") = "DataList", "DataList\DataList.vcxproj", "{685E388B-4DA5-4197-81CC-EE38C7941FEC}"
EndProject
Global
	GlobalSection(SolutionConfigurationPlatforms) = preSolution
		Debug|x64 = Debug|x64
		Debug|x86 = Debug|x86
		Release|x64 = Release|x64
		Release|x86 = Release|x86
	EndGlobalSection
	GlobalSection(ProjectConfigurationPlatforms) = postSolution
		{685E388B-4DA5-4197-81CC-EE38C7941FEC}.Debug|x64.ActiveCfg = Debug|x64
		{685E388B-4DA5-4197-81CC-EE38C7941FEC}.Debug|x64.Build.0 = Debug|x64
		{685E388B-4DA5-4197-81CC-EE38C7941FEC}.Debug|x86.ActiveCfg = Debug|Win32
		{685E388B-4DA5-4197-81CC-EE38C7941FEC}.Debug|x86.Build.0 = Debug|Win32
		{685E388B-4DA5-4197-81CC-EE38C7941FEC}.Release|x64.ActiveCfg = Release|x64
		{685E388B-4DA5-4197-81CC-EE38C7941FEC}.Release|x64.Build.0 = Release|x64
		{685E388B-4DA5-4197-81CC-EE38C7941FEC}.Release|x86.ActiveCfg = Release|Win32
		{685E388B-4DA5-4197-81CC-EE38C7941FEC}.Release|x86.Build.0 = Release|Win32
	EndGlobalSection
	GlobalSection(SolutionProperties) = preSolution
		HideSolutionNode = FALSE
	EndGlobalSection
	GlobalSection(ExtensibilityGlobals) = postSolution
		SolutionGuid = {D50EB12E-6F44-4D05-A921-2A939253141C}
	EndGlobalSection
EndGlobal
